
Microsoft Visual Studio Solution File, Format Version 11.00
# Visual C# Express 2010
Project("{FAE04EC0-301F-11D3-BF4B-00C04F79EFBC}") = "RscSysBattNotify", "RscSysBattNotify\RscSysBattNotify.csproj", "{95B53731-9754-4078-8E53-722D08F28EC1}"
EndProject
Global
	GlobalSection(SolutionConfigurationPlatforms) = preSolution
		Debug|x86 = Debug|x86
		Release|x86 = Release|x86
	EndGlobalSection
	GlobalSection(ProjectConfigurationPlatforms) = postSolution
		{95B53731-9754-4078-8E53-722D08F28EC1}.Debug|x86.ActiveCfg = Debug|x86
		{95B53731-9754-4078-8E53-722D08F28EC1}.Debug|x86.Build.0 = Debug|x86
		{95B53731-9754-4078-8E53-722D08F28EC1}.Release|x86.ActiveCfg = Release|x86
		{95B53731-9754-4078-8E53-722D08F28EC1}.Release|x86.Build.0 = Release|x86
	EndGlobalSection
	GlobalSection(SolutionProperties) = preSolution
		HideSolutionNode = FALSE
	EndGlobalSection
EndGlobal
